
Microsoft Visual Studio Solution File, Format Version 12.00
# Visual Studio 15
VisualStudioVersion = 15.0.26730.16
MinimumVisualStudioVersion = 10.0.40219.1
Project("{FAE04EC0-301F-11D3-BF4B-00C04F79EFBC}") = "Tamedl_Gittest", "Tamedl_Gittest\Tamedl_Gittest.csproj", "{7C9C38C3-BE9E-402B-97FC-B8AE1E9FD654}"
EndProject
Global
	GlobalSection(SolutionConfigurationPlatforms) = preSolution
		Debug|Any CPU = Debug|Any CPU
		Release|Any CPU = Release|Any CPU
	EndGlobalSection
	GlobalSection(ProjectConfigurationPlatforms) = postSolution
		{7C9C38C3-BE9E-402B-97FC-B8AE1E9FD654}.Debug|Any CPU.ActiveCfg = Debug|Any CPU
		{7C9C38C3-BE9E-402B-97FC-B8AE1E9FD654}.Debug|Any CPU.Build.0 = Debug|Any CPU
		{7C9C38C3-BE9E-402B-97FC-B8AE1E9FD654}.Release|Any CPU.ActiveCfg = Release|Any CPU
		{7C9C38C3-BE9E-402B-97FC-B8AE1E9FD654}.Release|Any CPU.Build.0 = Release|Any CPU
	EndGlobalSection
	GlobalSection(SolutionProperties) = preSolution
		HideSolutionNode = FALSE
	EndGlobalSection
	GlobalSection(ExtensibilityGlobals) = postSolution
		SolutionGuid = {8F9277C7-E6A6-46CC-A8AD-02663BED73B9}
	EndGlobalSection
EndGlobal
